// !$*UTF8*$!
{
	archiveVersion = 1;
	classes = {
	};
	objectVersion = 77;
	objects = {

/* Begin PBXBuildFile section */
		D3E408DF2D9481B500FB5DE0 /* FirebaseAuth in Frameworks */ = {isa = PBXBuildFile; productRef = D3E408DE2D9481B500FB5DE0 /* FirebaseAuth */; };
		D3E408E12D9481B500FB5DE0 /* FirebaseCore in Frameworks */ = {isa = PBXBuildFile; productRef = D3E408E02D9481B500FB5DE0 /* FirebaseCore */; };
		D3E408E32D9481B500FB5DE0 /* FirebaseFirestore in Frameworks */ = {isa = PBXBuildFile; productRef = D3E408E22D9481B500FB5DE0 /* FirebaseFirestore */; };
/* End PBXBuildFile section */

/* Begin PBXContainerItemProxy section */
		0AC7601A2D7FB2AC00AC24CB /* PBXContainerItemProxy */ = {
			isa = PBXContainerItemProxy;
			containerPortal = 0AC760002D7FB2AA00AC24CB /* Project object */;
			proxyType = 1;
			remoteGlobalIDString = 0AC760072D7FB2AA00AC24CB;
			remoteInfo = GrowSense;
		};
		0AC760242D7FB2AC00AC24CB /* PBXContainerItemProxy */ = {
			isa = PBXContainerItemProxy;
			containerPortal = 0AC760002D7FB2AA00AC24CB /* Project object */;
			proxyType = 1;
			remoteGlobalIDString = 0AC760072D7FB2AA00AC24CB;
			remoteInfo = GrowSense;
		};
/* End PBXContainerItemProxy section */

/* Begin PBXFileReference section */
		0AC760082D7FB2AA00AC24CB /* GrowSense.app */ = {isa = PBXFileReference; explicitFileType = wrapper.application; includeInIndex = 0; path = GrowSense.app; sourceTree = BUILT_PRODUCTS_DIR; };
		0AC760192D7FB2AC00AC24CB /* GrowSenseTests.xctest */ = {isa = PBXFileReference; explicitFileType = wrapper.cfbundle; includeInIndex = 0; path = GrowSenseTests.xctest; sourceTree = BUILT_PRODUCTS_DIR; };
		0AC760232D7FB2AC00AC24CB /* GrowSenseUITests.xctest */ = {isa = PBXFileReference; explicitFileType = wrapper.cfbundle; includeInIndex = 0; path = GrowSenseUITests.xctest; sourceTree = BUILT_PRODUCTS_DIR; };
/* End PBXFileReference section */

/* Begin PBXFileSystemSynchronizedBuildFileExceptionSet section */
		0A022ED12D7FBBB60030E7D8 /* Exceptions for "GrowSense" folder in "GrowSense" target */ = {
			isa = PBXFileSystemSynchronizedBuildFileExceptionSet;
			membershipExceptions = (
				Info.plist,
			);
			target = 0AC760072D7FB2AA00AC24CB /* GrowSense */;
		};
/* End PBXFileSystemSynchronizedBuildFileExceptionSet section */

/* Begin PBXFileSystemSynchronizedRootGroup section */
		0AC7600A2D7FB2AA00AC24CB /* GrowSense */ = {
			isa = PBXFileSystemSynchronizedRootGroup;
			exceptions = (
				0A022ED12D7FBBB60030E7D8 /* Exceptions for "GrowSense" folder in "GrowSense" target */,
			);
			path = GrowSense;
			sourceTree = "<group>";
		};
		0AC7601C2D7FB2AC00AC24CB /* GrowSenseTests */ = {
			isa = PBXFileSystemSynchronizedRootGroup;
			path = GrowSenseTests;
			sourceTree = "<group>";
		};
		0AC760262D7FB2AC00AC24CB /* GrowSenseUITests */ = {
			isa = PBXFileSystemSynchronizedRootGroup;
			path = GrowSenseUITests;
			sourceTree = "<group>";
		};
/* End PBXFileSystemSynchronizedRootGroup section */

/* Begin PBXFrameworksBuildPhase section */
		0AC760052D7FB2AA00AC24CB /* Frameworks */ = {
			isa = PBXFrameworksBuildPhase;
			buildActionMask = 2147483647;
			files = (
				D3E408E12D9481B500FB5DE0 /* FirebaseCore in Frameworks */,
				D3E408DF2D9481B500FB5DE0 /* FirebaseAuth in Frameworks */,
				D3E408E32D9481B500FB5DE0 /* FirebaseFirestore in Frameworks */,
			);
			runOnlyForDeploymentPostprocessing = 0;
		};
		0AC760162D7FB2AC00AC24CB /* Frameworks */ = {
			isa = PBXFrameworksBuildPhase;
			buildActionMask = 2147483647;
			files = (
			);
			runOnlyForDeploymentPostprocessing = 0;
		};
		0AC760202D7FB2AC00AC24CB /* Frameworks */ = {
			isa = PBXFrameworksBuildPhase;
			buildActionMask = 2147483647;
			files = (
			);
			runOnlyForDeploymentPostprocessing = 0;
		};
/* End PBXFrameworksBuildPhase section */

/* Begin PBXGroup section */
		0AC75FFF2D7FB2AA00AC24CB = {
			isa = PBXGroup;
			children = (
				0AC7600A2D7FB2AA00AC24CB /* GrowSense */,
				0AC7601C2D7FB2AC00AC24CB /* GrowSenseTests */,
				0AC760262D7FB2AC00AC24CB /* GrowSenseUITests */,
				0AC760092D7FB2AA00AC24CB /* Products */,
			);
			sourceTree = "<group>";
		};
		0AC760092D7FB2AA00AC24CB /* Products */ = {
			isa = PBXGroup;
			children = (
				0AC760082D7FB2AA00AC24CB /* GrowSense.app */,
				0AC760192D7FB2AC00AC24CB /* GrowSenseTests.xctest */,
				0AC760232D7FB2AC00AC24CB /* GrowSenseUITests.xctest */,
			);
			name = Products;
			sourceTree = "<group>";
		};
/* End PBXGroup section */

/* Begin PBXNativeTarget section */
		0AC760072D7FB2AA00AC24CB /* GrowSense */ = {
			isa = PBXNativeTarget;
			buildConfigurationList = 0AC7602D2D7FB2AC00AC24CB /* Build configuration list for PBXNativeTarget "GrowSense" */;
			buildPhases = (
				0AC760042D7FB2AA00AC24CB /* Sources */,
				0AC760052D7FB2AA00AC24CB /* Frameworks */,
				0AC760062D7FB2AA00AC24CB /* Resources */,
			);
			buildRules = (
			);
			dependencies = (
			);
			fileSystemSynchronizedGroups = (
				0AC7600A2D7FB2AA00AC24CB /* GrowSense */,
			);
			name = GrowSense;
			packageProductDependencies = (
				D3E408DE2D9481B500FB5DE0 /* FirebaseAuth */,
				D3E408E02D9481B500FB5DE0 /* FirebaseCore */,
				D3E408E22D9481B500FB5DE0 /* FirebaseFirestore */,
			);
			productName = GrowSense;
			productReference = 0AC760082D7FB2AA00AC24CB /* GrowSense.app */;
			productType = "com.apple.product-type.application";
		};
		0AC760182D7FB2AC00AC24CB /* GrowSenseTests */ = {
			isa = PBXNativeTarget;
			buildConfigurationList = 0AC760302D7FB2AC00AC24CB /* Build configuration list for PBXNativeTarget "GrowSenseTests" */;
			buildPhases = (
				0AC760152D7FB2AC00AC24CB /* Sources */,
				0AC760162D7FB2AC00AC24CB /* Frameworks */,
				0AC760172D7FB2AC00AC24CB /* Resources */,
			);
			buildRules = (
			);
			dependencies = (
				0AC7601B2D7FB2AC00AC24CB /* PBXTargetDependency */,
			);
			fileSystemSynchronizedGroups = (
				0AC7601C2D7FB2AC00AC24CB /* GrowSenseTests */,
			);
			name = GrowSenseTests;
			packageProductDependencies = (
			);
			productName = GrowSenseTests;
			productReference = 0AC760192D7FB2AC00AC24CB /* GrowSenseTests.xctest */;
			productType = "com.apple.product-type.bundle.unit-test";
		};
		0AC760222D7FB2AC00AC24CB /* GrowSenseUITests */ = {
			isa = PBXNativeTarget;
			buildConfigurationList = 0AC760332D7FB2AC00AC24CB /* Build configuration list for PBXNativeTarget "GrowSenseUITests" */;
			buildPhases = (
				0AC7601F2D7FB2AC00AC24CB /* Sources */,
				0AC760202D7FB2AC00AC24CB /* Frameworks */,
				0AC760212D7FB2AC00AC24CB /* Resources */,
			);
			buildRules = (
			);
			dependencies = (
				0AC760252D7FB2AC00AC24CB /* PBXTargetDependency */,
			);
			fileSystemSynchronizedGroups = (
				0AC760262D7FB2AC00AC24CB /* GrowSenseUITests */,
			);
			name = GrowSenseUITests;
			packageProductDependencies = (
			);
			productName = GrowSenseUITests;
			productReference = 0AC760232D7FB2AC00AC24CB /* GrowSenseUITests.xctest */;
			productType = "com.apple.product-type.bundle.ui-testing";
		};
/* End PBXNativeTarget section */

/* Begin PBXProject section */
		0AC760002D7FB2AA00AC24CB /* Project object */ = {
			isa = PBXProject;
			attributes = {
				BuildIndependentTargetsInParallel = 1;
				LastSwiftUpdateCheck = 1620;
				LastUpgradeCheck = 1620;
				TargetAttributes = {
					0AC760072D7FB2AA00AC24CB = {
						CreatedOnToolsVersion = 16.2;
					};
					0AC760182D7FB2AC00AC24CB = {
						CreatedOnToolsVersion = 16.2;
						TestTargetID = 0AC760072D7FB2AA00AC24CB;
					};
					0AC760222D7FB2AC00AC24CB = {
						CreatedOnToolsVersion = 16.2;
						TestTargetID = 0AC760072D7FB2AA00AC24CB;
					};
				};
			};
			buildConfigurationList = 0AC760032D7FB2AA00AC24CB /* Build configuration list for PBXProject "GrowSense" */;
			developmentRegion = en;
			hasScannedForEncodings = 0;
			knownRegions = (
				en,
				Base,
			);
			mainGroup = 0AC75FFF2D7FB2AA00AC24CB;
			minimizedProjectReferenceProxies = 1;
			packageReferences = (
				D3E408DD2D9481B500FB5DE0 /* XCRemoteSwiftPackageReference "firebase-ios-sdk" */,
			);
			preferredProjectObjectVersion = 77;
			productRefGroup = 0AC760092D7FB2AA00AC24CB /* Products */;
			projectDirPath = "";
			projectRoot = "";
			targets = (
				0AC760072D7FB2AA00AC24CB /* GrowSense */,
				0AC760182D7FB2AC00AC24CB /* GrowSenseTests */,
				0AC760222D7FB2AC00AC24CB /* GrowSenseUITests */,
			);
		};
/* End PBXProject section */

/* Begin PBXResourcesBuildPhase section */
		0AC760062D7FB2AA00AC24CB /* Resources */ = {
			isa = PBXResourcesBuildPhase;
			buildActionMask = 2147483647;
			files = (
			);
			runOnlyForDeploymentPostprocessing = 0;
		};
		0AC760172D7FB2AC00AC24CB /* Resources */ = {
			isa = PBXResourcesBuildPhase;
			buildActionMask = 2147483647;
			files = (
			);
			runOnlyForDeploymentPostprocessing = 0;
		};
		0AC760212D7FB2AC00AC24CB /* Resources */ = {
			isa = PBXResourcesBuildPhase;
			buildActionMask = 2147483647;
			files = (
			);
			runOnlyForDeploymentPostprocessing = 0;
		};
/* End PBXResourcesBuildPhase section */

/* Begin PBXSourcesBuildPhase section */
		0AC760042D7FB2AA00AC24CB /* Sources */ = {
			isa = PBXSourcesBuildPhase;
			buildActionMask = 2147483647;
			files = (
			);
			runOnlyForDeploymentPostprocessing = 0;
		};
		0AC760152D7FB2AC00AC24CB /* Sources */ = {
			isa = PBXSourcesBuildPhase;
			buildActionMask = 2147483647;
			files = (
			);
			runOnlyForDeploymentPostprocessing = 0;
		};
		0AC7601F2D7FB2AC00AC24CB /* Sources */ = {
			isa = PBXSourcesBuildPhase;
			buildActionMask = 2147483647;
			files = (
			);
			runOnlyForDeploymentPostprocessing = 0;
		};
/* End PBXSourcesBuildPhase section */

/* Begin PBXTargetDependency section */
		0AC7601B2D7FB2AC00AC24CB /* PBXTargetDependency */ = {
			isa = PBXTargetDependency;
			target = 0AC760072D7FB2AA00AC24CB /* GrowSense */;
			targetProxy = 0AC7601A2D7FB2AC00AC24CB /* PBXContainerItemProxy */;
		};
		0AC760252D7FB2AC00AC24CB /* PBXTargetDependency */ = {
			isa = PBXTargetDependency;
			target = 0AC760072D7FB2AA00AC24CB /* GrowSense */;
			targetProxy = 0AC760242D7FB2AC00AC24CB /* PBXContainerItemProxy */;
		};
/* End PBXTargetDependency section */

/* Begin XCBuildConfiguration section */
		0AC7602B2D7FB2AC00AC24CB /* Debug */ = {
			isa = XCBuildConfiguration;
			buildSettings = {
				ALWAYS_SEARCH_USER_PATHS = NO;
				ASSETCATALOG_COMPILER_GENERATE_SWIFT_ASSET_SYMBOL_EXTENSIONS = YES;
				CLANG_ANALYZER_NONNULL = YES;
				CLANG_ANALYZER_NUMBER_OBJECT_CONVERSION = YES_AGGRESSIVE;
				CLANG_CXX_LANGUAGE_STANDARD = "gnu++20";
				CLANG_ENABLE_MODULES = YES;
				CLANG_ENABLE_OBJC_ARC = YES;
				CLANG_ENABLE_OBJC_WEAK = YES;
				CLANG_WARN_BLOCK_CAPTURE_AUTORELEASING = YES;
				CLANG_WARN_BOOL_CONVERSION = YES;
				CLANG_WARN_COMMA = YES;
				CLANG_WARN_CONSTANT_CONVERSION = YES;
				CLANG_WARN_DEPRECATED_OBJC_IMPLEMENTATIONS = YES;
				CLANG_WARN_DIRECT_OBJC_ISA_USAGE = YES_ERROR;
				CLANG_WARN_DOCUMENTATION_COMMENTS = YES;
				CLANG_WARN_EMPTY_BODY = YES;
				CLANG_WARN_ENUM_CONVERSION = YES;
				CLANG_WARN_INFINITE_RECURSION = YES;
				CLANG_WARN_INT_CONVERSION = YES;
				CLANG_WARN_NON_LITERAL_NULL_CONVERSION = YES;
				CLANG_WARN_OBJC_IMPLICIT_RETAIN_SELF = YES;
				CLANG_WARN_OBJC_LITERAL_CONVERSION = YES;
				CLANG_WARN_OBJC_ROOT_CLASS = YES_ERROR;
				CLANG_WARN_QUOTED_INCLUDE_IN_FRAMEWORK_HEADER = YES;
				CLANG_WARN_RANGE_LOOP_ANALYSIS = YES;
				CLANG_WARN_STRICT_PROTOTYPES = YES;
				CLANG_WARN_SUSPICIOUS_MOVE = YES;
				CLANG_WARN_UNGUARDED_AVAILABILITY = YES_AGGRESSIVE;
				CLANG_WARN_UNREACHABLE_CODE = YES;
				CLANG_WARN__DUPLICATE_METHOD_MATCH = YES;
				COPY_PHASE_STRIP = NO;
				DEBUG_INFORMATION_FORMAT = dwarf;
				ENABLE_STRICT_OBJC_MSGSEND = YES;
				ENABLE_TESTABILITY = YES;
				ENABLE_USER_SCRIPT_SANDBOXING = YES;
				GCC_C_LANGUAGE_STANDARD = gnu17;
				GCC_DYNAMIC_NO_PIC = NO;
				GCC_NO_COMMON_BLOCKS = YES;
				GCC_OPTIMIZATION_LEVEL = 0;
				GCC_PREPROCESSOR_DEFINITIONS = (
					"DEBUG=1",
					"$(inherited)",
				);
				GCC_WARN_64_TO_32_BIT_CONVERSION = YES;
				GCC_WARN_ABOUT_RETURN_TYPE = YES_ERROR;
				GCC_WARN_UNDECLARED_SELECTOR = YES;
				GCC_WARN_UNINITIALIZED_AUTOS = YES_AGGRESSIVE;
				GCC_WARN_UNUSED_FUNCTION = YES;
				GCC_WARN_UNUSED_VARIABLE = YES;
				LOCALIZATION_PREFERS_STRING_CATALOGS = YES;
				MTL_ENABLE_DEBUG_INFO = INCLUDE_SOURCE;
				MTL_FAST_MATH = YES;
				ONLY_ACTIVE_ARCH = YES;
				SWIFT_ACTIVE_COMPILATION_CONDITIONS = "DEBUG $(inherited)";
				SWIFT_OPTIMIZATION_LEVEL = "-Onone";
			};
			name = Debug;
		};
		0AC7602C2D7FB2AC00AC24CB /* Release */ = {
			isa = XCBuildConfiguration;
			buildSettings = {
				ALWAYS_SEARCH_USER_PATHS = NO;
				ASSETCATALOG_COMPILER_GENERATE_SWIFT_ASSET_SYMBOL_EXTENSIONS = YES;
				CLANG_ANALYZER_NONNULL = YES;
				CLANG_ANALYZER_NUMBER_OBJECT_CONVERSION = YES_AGGRESSIVE;
				CLANG_CXX_LANGUAGE_STANDARD = "gnu++20";
				CLANG_ENABLE_MODULES = YES;
				CLANG_ENABLE_OBJC_ARC = YES;
				CLANG_ENABLE_OBJC_WEAK = YES;
				CLANG_WARN_BLOCK_CAPTURE_AUTORELEASING = YES;
				CLANG_WARN_BOOL_CONVERSION = YES;
				CLANG_WARN_COMMA = YES;
				CLANG_WARN_CONSTANT_CONVERSION = YES;
				CLANG_WARN_DEPRECATED_OBJC_IMPLEMENTATIONS = YES;
				CLANG_WARN_DIRECT_OBJC_ISA_USAGE = YES_ERROR;
				CLANG_WARN_DOCUMENTATION_COMMENTS = YES;
				CLANG_WARN_EMPTY_BODY = YES;
				CLANG_WARN_ENUM_CONVERSION = YES;
				CLANG_WARN_INFINITE_RECURSION = YES;
				CLANG_WARN_INT_CONVERSION = YES;
				CLANG_WARN_NON_LITERAL_NULL_CONVERSION = YES;
				CLANG_WARN_OBJC_IMPLICIT_RETAIN_SELF = YES;
				CLANG_WARN_OBJC_LITERAL_CONVERSION = YES;
				CLANG_WARN_OBJC_ROOT_CLASS = YES_ERROR;
				CLANG_WARN_QUOTED_INCLUDE_IN_FRAMEWORK_HEADER = YES;
				CLANG_WARN_RANGE_LOOP_ANALYSIS = YES;
				CLANG_WARN_STRICT_PROTOTYPES = YES;
				CLANG_WARN_SUSPICIOUS_MOVE = YES;
				CLANG_WARN_UNGUARDED_AVAILABILITY = YES_AGGRESSIVE;
				CLANG_WARN_UNREACHABLE_CODE = YES;
				CLANG_WARN__DUPLICATE_METHOD_MATCH = YES;
				COPY_PHASE_STRIP = NO;
				DEBUG_INFORMATION_FORMAT = "dwarf-with-dsym";
				ENABLE_NS_ASSERTIONS = NO;
				ENABLE_STRICT_OBJC_MSGSEND = YES;
				ENABLE_USER_SCRIPT_SANDBOXING = YES;
				GCC_C_LANGUAGE_STANDARD = gnu17;
				GCC_NO_COMMON_BLOCKS = YES;
				GCC_WARN_64_TO_32_BIT_CONVERSION = YES;
				GCC_WARN_ABOUT_RETURN_TYPE = YES_ERROR;
				GCC_WARN_UNDECLARED_SELECTOR = YES;
				GCC_WARN_UNINITIALIZED_AUTOS = YES_AGGRESSIVE;
				GCC_WARN_UNUSED_FUNCTION = YES;
				GCC_WARN_UNUSED_VARIABLE = YES;
				LOCALIZATION_PREFERS_STRING_CATALOGS = YES;
				MTL_ENABLE_DEBUG_INFO = NO;
				MTL_FAST_MATH = YES;
				SWIFT_COMPILATION_MODE = wholemodule;
			};
			name = Release;
		};
		0AC7602E2D7FB2AC00AC24CB /* Debug */ = {
			isa = XCBuildConfiguration;
			buildSettings = {
				ASSETCATALOG_COMPILER_APPICON_NAME = AppIcon;
				ASSETCATALOG_COMPILER_GLOBAL_ACCENT_COLOR_NAME = AccentColor;
				CODE_SIGN_ENTITLEMENTS = GrowSense/GrowSense.entitlements;
				CODE_SIGN_STYLE = Automatic;
				CURRENT_PROJECT_VERSION = 1;
				DEVELOPMENT_ASSET_PATHS = "\"GrowSense/Preview Content\"";
				DEVELOPMENT_TEAM = D4A692FTBX;
				ENABLE_HARDENED_RUNTIME = YES;
				ENABLE_PREVIEWS = YES;
				GENERATE_INFOPLIST_FILE = NO;
				INFOPLIST_FILE = GrowSense/Info.plist;
				"INFOPLIST_KEY_UIApplicationSceneManifest_Generation[sdk=iphoneos*]" = YES;
				"INFOPLIST_KEY_UIApplicationSceneManifest_Generation[sdk=iphonesimulator*]" = YES;
				"INFOPLIST_KEY_UIApplicationSupportsIndirectInputEvents[sdk=iphoneos*]" = YES;
				"INFOPLIST_KEY_UIApplicationSupportsIndirectInputEvents[sdk=iphonesimulator*]" = YES;
				"INFOPLIST_KEY_UILaunchScreen_Generation[sdk=iphoneos*]" = YES;
				"INFOPLIST_KEY_UILaunchScreen_Generation[sdk=iphonesimulator*]" = YES;
				"INFOPLIST_KEY_UIStatusBarStyle[sdk=iphoneos*]" = UIStatusBarStyleDefault;
				"INFOPLIST_KEY_UIStatusBarStyle[sdk=iphonesimulator*]" = UIStatusBarStyleDefault;
				INFOPLIST_KEY_UISupportedInterfaceOrientations_iPad = "UIInterfaceOrientationPortrait UIInterfaceOrientationPortraitUpsideDown UIInterfaceOrientationLandscapeLeft UIInterfaceOrientationLandscapeRight";
				INFOPLIST_KEY_UISupportedInterfaceOrientations_iPhone = "UIInterfaceOrientationPortrait UIInterfaceOrientationLandscapeLeft UIInterfaceOrientationLandscapeRight";
				IPHONEOS_DEPLOYMENT_TARGET = 18.2;
				LD_RUNPATH_SEARCH_PATHS = "@executable_path/Frameworks";
				"LD_RUNPATH_SEARCH_PATHS[sdk=macosx*]" = "@executable_path/../Frameworks";
				MACOSX_DEPLOYMENT_TARGET = 15.2;
				MARKETING_VERSION = 1.0;
				PRODUCT_BUNDLE_IDENTIFIER = com.minjuns.growsense;
				PRODUCT_NAME = "$(TARGET_NAME)";
				SDKROOT = auto;
				SUPPORTED_PLATFORMS = "iphoneos iphonesimulator macosx xros xrsimulator";
				SWIFT_EMIT_LOC_STRINGS = YES;
				SWIFT_VERSION = 5.0;
				TARGETED_DEVICE_FAMILY = "1,2,7";
				XROS_DEPLOYMENT_TARGET = 2.2;
			};
			name = Debug;
		};
		0AC7602F2D7FB2AC00AC24CB /* Release */ = {
			isa = XCBuildConfiguration;
			buildSettings = {
				ASSETCATALOG_COMPILER_APPICON_NAME = AppIcon;
				ASSETCATALOG_COMPILER_GLOBAL_ACCENT_COLOR_NAME = AccentColor;
				CODE_SIGN_ENTITLEMENTS = GrowSense/GrowSense.entitlements;
				CODE_SIGN_STYLE = Automatic;
				CURRENT_PROJECT_VERSION = 1;
				DEVELOPMENT_ASSET_PATHS = "\"GrowSense/Preview Content\"";
				DEVELOPMENT_TEAM = D4A692FTBX;
				ENABLE_HARDENED_RUNTIME = YES;
				ENABLE_PREVIEWS = YES;
				GENERATE_INFOPLIST_FILE = NO;
				INFOPLIST_FILE = GrowSense/Info.plist;
				"INFOPLIST_KEY_UIApplicationSceneManifest_Generation[sdk=iphoneos*]" = YES;
				"INFOPLIST_KEY_UIApplicationSceneManifest_Generation[sdk=iphonesimulator*]" = YES;
				"INFOPLIST_KEY_UIApplicationSupportsIndirectInputEvents[sdk=iphoneos*]" = YES;
				"INFOPLIST_KEY_UIApplicationSupportsIndirectInputEvents[sdk=iphonesimulator*]" = YES;
				"INFOPLIST_KEY_UILaunchScreen_Generation[sdk=iphoneos*]" = YES;
				"INFOPLIST_KEY_UILaunchScreen_Generation[sdk=iphonesimulator*]" = YES;
				"INFOPLIST_KEY_UIStatusBarStyle[sdk=iphoneos*]" = UIStatusBarStyleDefault;
				"INFOPLIST_KEY_UIStatusBarStyle[sdk=iphonesimulator*]" = UIStatusBarStyleDefault;
				INFOPLIST_KEY_UISupportedInterfaceOrientations_iPad = "UIInterfaceOrientationPortrait UIInterfaceOrientationPortraitUpsideDown UIInterfaceOrientationLandscapeLeft UIInterfaceOrientationLandscapeRight";
				INFOPLIST_KEY_UISupportedInterfaceOrientations_iPhone = "UIInterfaceOrientationPortrait UIInterfaceOrientationLandscapeLeft UIInterfaceOrientationLandscapeRight";
				IPHONEOS_DEPLOYMENT_TARGET = 18.2;
				LD_RUNPATH_SEARCH_PATHS = "@executable_path/Frameworks";
				"LD_RUNPATH_SEARCH_PATHS[sdk=macosx*]" = "@executable_path/../Frameworks";
				MACOSX_DEPLOYMENT_TARGET = 15.2;
				MARKETING_VERSION = 1.0;
				PRODUCT_BUNDLE_IDENTIFIER = com.minjuns.growsense;
				PRODUCT_NAME = "$(TARGET_NAME)";
				SDKROOT = auto;
				SUPPORTED_PLATFORMS = "iphoneos iphonesimulator macosx xros xrsimulator";
				SWIFT_EMIT_LOC_STRINGS = YES;
				SWIFT_VERSION = 5.0;
				TARGETED_DEVICE_FAMILY = "1,2,7";
				XROS_DEPLOYMENT_TARGET = 2.2;
			};
			name = Release;
		};
		0AC760312D7FB2AC00AC24CB /* Debug */ = {
			isa = XCBuildConfiguration;
			buildSettings = {
				BUNDLE_LOADER = "$(TEST_HOST)";
				CODE_SIGN_STYLE = Automatic;
				CURRENT_PROJECT_VERSION = 1;
				DEVELOPMENT_TEAM = JG56XX9237;
				GENERATE_INFOPLIST_FILE = YES;
				IPHONEOS_DEPLOYMENT_TARGET = 18.2;
				MACOSX_DEPLOYMENT_TARGET = 15.2;
				MARKETING_VERSION = 1.0;
				PRODUCT_BUNDLE_IDENTIFIER = MUQ.GrowSenseTests;
				PRODUCT_NAME = "$(TARGET_NAME)";
				SDKROOT = auto;
				SUPPORTED_PLATFORMS = "iphoneos iphonesimulator macosx xros xrsimulator";
				SWIFT_EMIT_LOC_STRINGS = NO;
				SWIFT_VERSION = 5.0;
				TARGETED_DEVICE_FAMILY = "1,2,7";
				TEST_HOST = "$(BUILT_PRODUCTS_DIR)/GrowSense.app/$(BUNDLE_EXECUTABLE_FOLDER_PATH)/GrowSense";
				XROS_DEPLOYMENT_TARGET = 2.2;
			};
			name = Debug;
		};
		0AC760322D7FB2AC00AC24CB /* Release */ = {
			isa = XCBuildConfiguration;
			buildSettings = {
				BUNDLE_LOADER = "$(TEST_HOST)";
				CODE_SIGN_STYLE = Automatic;
				CURRENT_PROJECT_VERSION = 1;
				DEVELOPMENT_TEAM = JG56XX9237;
				GENERATE_INFOPLIST_FILE = YES;
				IPHONEOS_DEPLOYMENT_TARGET = 18.2;
				MACOSX_DEPLOYMENT_TARGET = 15.2;
				MARKETING_VERSION = 1.0;
				PRODUCT_BUNDLE_IDENTIFIER = MUQ.GrowSenseTests;
				PRODUCT_NAME = "$(TARGET_NAME)";
				SDKROOT = auto;
				SUPPORTED_PLATFORMS = "iphoneos iphonesimulator macosx xros xrsimulator";
				SWIFT_EMIT_LOC_STRINGS = NO;
				SWIFT_VERSION = 5.0;
				TARGETED_DEVICE_FAMILY = "1,2,7";
				TEST_HOST = "$(BUILT_PRODUCTS_DIR)/GrowSense.app/$(BUNDLE_EXECUTABLE_FOLDER_PATH)/GrowSense";
				XROS_DEPLOYMENT_TARGET = 2.2;
			};
			name = Release;
		};
		0AC760342D7FB2AC00AC24CB /* Debug */ = {
			isa = XCBuildConfiguration;
			buildSettings = {
				CODE_SIGN_STYLE = Automatic;
				CURRENT_PROJECT_VERSION = 1;
				DEVELOPMENT_TEAM = JG56XX9237;
				GENERATE_INFOPLIST_FILE = YES;
				IPHONEOS_DEPLOYMENT_TARGET = 18.2;
				MACOSX_DEPLOYMENT_TARGET = 15.2;
				MARKETING_VERSION = 1.0;
				PRODUCT_BUNDLE_IDENTIFIER = MUQ.GrowSenseUITests;
				PRODUCT_NAME = "$(TARGET_NAME)";
				SDKROOT = auto;
				SUPPORTED_PLATFORMS = "iphoneos iphonesimulator macosx xros xrsimulator";
				SWIFT_EMIT_LOC_STRINGS = NO;
				SWIFT_VERSION = 5.0;
				TARGETED_DEVICE_FAMILY = "1,2,7";
				TEST_TARGET_NAME = GrowSense;
				XROS_DEPLOYMENT_TARGET = 2.2;
			};
			name = Debug;
		};
		0AC760352D7FB2AC00AC24CB /* Release */ = {
			isa = XCBuildConfiguration;
			buildSettings = {
				CODE_SIGN_STYLE = Automatic;
				CURRENT_PROJECT_VERSION = 1;
				DEVELOPMENT_TEAM = JG56XX9237;
				GENERATE_INFOPLIST_FILE = YES;
				IPHONEOS_DEPLOYMENT_TARGET = 18.2;
				MACOSX_DEPLOYMENT_TARGET = 15.2;
				MARKETING_VERSION = 1.0;
				PRODUCT_BUNDLE_IDENTIFIER = MUQ.GrowSenseUITests;
				PRODUCT_NAME = "$(TARGET_NAME)";
				SDKROOT = auto;
				SUPPORTED_PLATFORMS = "iphoneos iphonesimulator macosx xros xrsimulator";
				SWIFT_EMIT_LOC_STRINGS = NO;
				SWIFT_VERSION = 5.0;
				TARGETED_DEVICE_FAMILY = "1,2,7";
				TEST_TARGET_NAME = GrowSense;
				XROS_DEPLOYMENT_TARGET = 2.2;
			};
			name = Release;
		};
/* End XCBuildConfiguration section */

/* Begin XCConfigurationList section */
		0AC760032D7FB2AA00AC24CB /* Build configuration list for PBXProject "GrowSense" */ = {
			isa = XCConfigurationList;
			buildConfigurations = (
				0AC7602B2D7FB2AC00AC24CB /* Debug */,
				0AC7602C2D7FB2AC00AC24CB /* Release */,
			);
			defaultConfigurationIsVisible = 0;
			defaultConfigurationName = Release;
		};
		0AC7602D2D7FB2AC00AC24CB /* Build configuration list for PBXNativeTarget "GrowSense" */ = {
			isa = XCConfigurationList;
			buildConfigurations = (
				0AC7602E2D7FB2AC00AC24CB /* Debug */,
				0AC7602F2D7FB2AC00AC24CB /* Release */,
			);
			defaultConfigurationIsVisible = 0;
			defaultConfigurationName = Release;
		};
		0AC760302D7FB2AC00AC24CB /* Build configuration list for PBXNativeTarget "GrowSenseTests" */ = {
			isa = XCConfigurationList;
			buildConfigurations = (
				0AC760312D7FB2AC00AC24CB /* Debug */,
				0AC760322D7FB2AC00AC24CB /* Release */,
			);
			defaultConfigurationIsVisible = 0;
			defaultConfigurationName = Release;
		};
		0AC760332D7FB2AC00AC24CB /* Build configuration list for PBXNativeTarget "GrowSenseUITests" */ = {
			isa = XCConfigurationList;
			buildConfigurations = (
				0AC760342D7FB2AC00AC24CB /* Debug */,
				0AC760352D7FB2AC00AC24CB /* Release */,
			);
			defaultConfigurationIsVisible = 0;
			defaultConfigurationName = Release;
		};
/* End XCConfigurationList section */

/* Begin XCRemoteSwiftPackageReference section */
		D3E408DD2D9481B500FB5DE0 /* XCRemoteSwiftPackageReference "firebase-ios-sdk" */ = {
			isa = XCRemoteSwiftPackageReference;
			repositoryURL = "https://github.com/firebase/firebase-ios-sdk";
			requirement = {
				kind = upToNextMajorVersion;
				minimumVersion = 11.10.0;
			};
		};
/* End XCRemoteSwiftPackageReference section */

/* Begin XCSwiftPackageProductDependency section */
		D3E408DE2D9481B500FB5DE0 /* FirebaseAuth */ = {
			isa = XCSwiftPackageProductDependency;
			package = D3E408DD2D9481B500FB5DE0 /* XCRemoteSwiftPackageReference "firebase-ios-sdk" */;
			productName = FirebaseAuth;
		};
		D3E408E02D9481B500FB5DE0 /* FirebaseCore */ = {
			isa = XCSwiftPackageProductDependency;
			package = D3E408DD2D9481B500FB5DE0 /* XCRemoteSwiftPackageReference "firebase-ios-sdk" */;
			productName = FirebaseCore;
		};
		D3E408E22D9481B500FB5DE0 /* FirebaseFirestore */ = {
			isa = XCSwiftPackageProductDependency;
			package = D3E408DD2D9481B500FB5DE0 /* XCRemoteSwiftPackageReference "firebase-ios-sdk" */;
			productName = FirebaseFirestore;
		};
/* End XCSwiftPackageProductDependency section */
	};
	rootObject = 0AC760002D7FB2AA00AC24CB /* Project object */;
}
